# THIS IS AN AUTOGENERATED FILE. DO NOT EDIT THIS FILE DIRECTLY.
# yarn lockfile v1


adler-32@~1.1.0:
  version "1.1.0"
  resolved "https://registry.npmjs.org/adler-32/-/adler-32-1.1.0.tgz#03551a5c7f0edfbd4fc8fa12a6814978eab651c3"
  dependencies:
    exit-on-epipe "~1.0.1"
    printj "~1.1.0"

cfb@~1.0.0:
  version "1.0.0"
  resolved "https://registry.npmjs.org/cfb/-/cfb-1.0.0.tgz#ab8be69563ce2cc1cb70819026d0c7c9b76d5c73"
  dependencies:
    commander "~2.11.0"
    printj "~1.1.0"

codepage@~1.11.0:
  version "1.11.0"
  resolved "https://registry.npmjs.org/codepage/-/codepage-1.11.0.tgz#1076095b9f03b5ca04f43873fa1a627742285de2"
  dependencies:
    commander "~2.11.0"
    exit-on-epipe "~1.0.1"
    voc "~1.0.0"

commander@~2.11.0:
  version "2.11.0"
  resolved "https://registry.npmjs.org/commander/-/commander-2.11.0.tgz#157152fd1e7a6c8d98a5b715cf376df928004563"

crc-32@~1.1.1:
  version "1.1.1"
  resolved "https://registry.npmjs.org/crc-32/-/crc-32-1.1.1.tgz#5d739d5e4c6e352ad8304d73223d483fe55adb8d"
  dependencies:
    exit-on-epipe "~1.0.1"
    printj "~1.1.0"

exit-on-epipe@~1.0.1:
  version "1.0.1"
  resolved "https://registry.npmjs.org/exit-on-epipe/-/exit-on-epipe-1.0.1.tgz#0bdd92e87d5285d267daa8171d0eb06159689692"

frac@~1.1.0:
  version "1.1.0"
  resolved "https://registry.npmjs.org/frac/-/frac-1.1.0.tgz#dc437e9c6a646b60b127d82ac4902464445cc1e3"
  dependencies:
    voc "~1.0.0"

printj@~1.1.0:
  version "1.1.0"
  resolved "https://registry.npmjs.org/printj/-/printj-1.1.0.tgz#85487b5e8f96763b0b4a253613bef9dd9b387e3c"

ssf@~0.10.1:
  version "0.10.1"
  resolved "https://registry.npmjs.org/ssf/-/ssf-0.10.1.tgz#f23d82b63792ef56089089c1cd0c848e911cdba6"
  dependencies:
    frac "~1.1.0"

voc@~1.0.0:
  version "1.0.0"
  resolved "https://registry.npmjs.org/voc/-/voc-1.0.0.tgz#5465c0ce11d0881f7d8e36d8ca587043f33a25ae"

xlsx@^0.11.8:
  version "0.11.8"
  resolved "https://registry.npmjs.org/xlsx/-/xlsx-0.11.8.tgz#2ec1969df1eb6d23a016a8ee1cc7c6f970fed579"
  dependencies:
    adler-32 "~1.1.0"
    cfb "~1.0.0"
    codepage "~1.11.0"
    commander "~2.11.0"
    crc-32 "~1.1.1"
    exit-on-epipe "~1.0.1"
    ssf "~0.10.1"
